
Microsoft Visual Studio Solution File, Format Version 11.00
# Visual Studio 2010
Project("{6989167D-11E4-40FE-8C1A-2192A86A7E90}") = "mf2015", "mf2015.vfproj", "{369C1E2E-A513-4E83-A076-923534E30304}"
EndProject
Global
	GlobalSection(SolutionConfigurationPlatforms) = preSolution
		Debug|Win32 = Debug|Win32
		Release|Win32 = Release|Win32
	EndGlobalSection
	GlobalSection(ProjectConfigurationPlatforms) = postSolution
		{369C1E2E-A513-4E83-A076-923534E30304}.Debug|Win32.ActiveCfg = Debug|Win32
		{369C1E2E-A513-4E83-A076-923534E30304}.Debug|Win32.Build.0 = Debug|Win32
		{369C1E2E-A513-4E83-A076-923534E30304}.Release|Win32.ActiveCfg = Release|Win32
		{369C1E2E-A513-4E83-A076-923534E30304}.Release|Win32.Build.0 = Release|Win32
	EndGlobalSection
	GlobalSection(SolutionProperties) = preSolution
		HideSolutionNode = FALSE
	EndGlobalSection
EndGlobal
